{
  "name": "portfolio-backend",
  "version": "1.0.0",
  "lockfileVersion": 3,
  "requires": true,
  "packages": {
    "": {
      "name": "portfolio-backend",
      "version": "1.0.0",
      "license": "ISC",
      "dependencies": {
        "jose": "^6.1.2"
      }
    },
    "node_modules/jose": {
      "version": "6.1.2",
      "resolved": "https://registry.npmjs.org/jose/-/jose-6.1.2.tgz",
      "integrity": "sha512-MpcPtHLE5EmztuFIqB0vzHAWJPpmN1E6L4oo+kze56LIs3MyXIj9ZHMDxqOvkP38gBR7K1v3jqd4WU2+nrfONQ==",
      "license": "MIT",
      "funding": {
        "url": "https://github.com/sponsors/panva"
      }
    }
  }
}
